
Microsoft Visual Studio Solution File, Format Version 12.00
# Visual Studio Version 17
VisualStudioVersion = 17.2.32630.192
MinimumVisualStudioVersion = 10.0.40219.1
Project("{FAE04EC0-301F-11D3-BF4B-00C04F79EFBC}") = "CrudUsingDapperFramework", "CrudUsingDapperFramework\CrudUsingDapperFramework.csproj", "{DE617C01-3D2D-4B6D-A770-E50DBA836AF2}"
EndProject
Global
	GlobalSection(SolutionConfigurationPlatforms) = preSolution
		Debug|Any CPU = Debug|Any CPU
		Release|Any CPU = Release|Any CPU
	EndGlobalSection
	GlobalSection(ProjectConfigurationPlatforms) = postSolution
		{DE617C01-3D2D-4B6D-A770-E50DBA836AF2}.Debug|Any CPU.ActiveCfg = Debug|Any CPU
		{DE617C01-3D2D-4B6D-A770-E50DBA836AF2}.Debug|Any CPU.Build.0 = Debug|Any CPU
		{DE617C01-3D2D-4B6D-A770-E50DBA836AF2}.Release|Any CPU.ActiveCfg = Release|Any CPU
		{DE617C01-3D2D-4B6D-A770-E50DBA836AF2}.Release|Any CPU.Build.0 = Release|Any CPU
	EndGlobalSection
	GlobalSection(SolutionProperties) = preSolution
		HideSolutionNode = FALSE
	EndGlobalSection
	GlobalSection(ExtensibilityGlobals) = postSolution
		SolutionGuid = {DCED934A-06E5-44BC-B12B-A9720AD74F16}
	EndGlobalSection
EndGlobal
